
Microsoft Visual Studio Solution File, Format Version 12.00
# Visual Studio Version 17
VisualStudioVersion = 17.11.35222.181
MinimumVisualStudioVersion = 10.0.40219.1
Project("{9A19103F-16F7-4668-BE54-9A1E7A4F7556}") = "ThreeDForge", "ThreeDForge\ThreeDForge.csproj", "{F933388A-1C60-4734-B0D2-F027BAFC2785}"
EndProject
Project("{9A19103F-16F7-4668-BE54-9A1E7A4F7556}") = "ThreeDForge.Domain", "ThreeDForge.Domain\ThreeDForge.Domain.csproj", "{8A50CE0F-3EBE-4E2F-ABF8-BE683BA3A314}"
EndProject
Project("{9A19103F-16F7-4668-BE54-9A1E7A4F7556}") = "ThreeDForge.Application", "ThreeDForge.Application\ThreeDForge.Application.csproj", "{106E0BD0-B1A8-4B70-B031-1DA795E60E43}"
EndProject
Project("{9A19103F-16F7-4668-BE54-9A1E7A4F7556}") = "ThreeDForge.Infrastructure", "ThreeDForge.Infrastructure\ThreeDForge.Infrastructure.csproj", "{2096E56A-86E0-4F24-A2BD-0FAA73B42CDC}"
EndProject
Global
	GlobalSection(SolutionConfigurationPlatforms) = preSolution
		Debug|Any CPU = Debug|Any CPU
		Release|Any CPU = Release|Any CPU
	EndGlobalSection
	GlobalSection(ProjectConfigurationPlatforms) = postSolution
		{F933388A-1C60-4734-B0D2-F027BAFC2785}.Debug|Any CPU.ActiveCfg = Debug|Any CPU
		{F933388A-1C60-4734-B0D2-F027BAFC2785}.Debug|Any CPU.Build.0 = Debug|Any CPU
		{F933388A-1C60-4734-B0D2-F027BAFC2785}.Release|Any CPU.ActiveCfg = Release|Any CPU
		{F933388A-1C60-4734-B0D2-F027BAFC2785}.Release|Any CPU.Build.0 = Release|Any CPU
		{8A50CE0F-3EBE-4E2F-ABF8-BE683BA3A314}.Debug|Any CPU.ActiveCfg = Debug|Any CPU
		{8A50CE0F-3EBE-4E2F-ABF8-BE683BA3A314}.Debug|Any CPU.Build.0 = Debug|Any CPU
		{8A50CE0F-3EBE-4E2F-ABF8-BE683BA3A314}.Release|Any CPU.ActiveCfg = Release|Any CPU
		{8A50CE0F-3EBE-4E2F-ABF8-BE683BA3A314}.Release|Any CPU.Build.0 = Release|Any CPU
		{106E0BD0-B1A8-4B70-B031-1DA795E60E43}.Debug|Any CPU.ActiveCfg = Debug|Any CPU
		{106E0BD0-B1A8-4B70-B031-1DA795E60E43}.Debug|Any CPU.Build.0 = Debug|Any CPU
		{106E0BD0-B1A8-4B70-B031-1DA795E60E43}.Release|Any CPU.ActiveCfg = Release|Any CPU
		{106E0BD0-B1A8-4B70-B031-1DA795E60E43}.Release|Any CPU.Build.0 = Release|Any CPU
		{2096E56A-86E0-4F24-A2BD-0FAA73B42CDC}.Debug|Any CPU.ActiveCfg = Debug|Any CPU
		{2096E56A-86E0-4F24-A2BD-0FAA73B42CDC}.Debug|Any CPU.Build.0 = Debug|Any CPU
		{2096E56A-86E0-4F24-A2BD-0FAA73B42CDC}.Release|Any CPU.ActiveCfg = Release|Any CPU
		{2096E56A-86E0-4F24-A2BD-0FAA73B42CDC}.Release|Any CPU.Build.0 = Release|Any CPU
	EndGlobalSection
	GlobalSection(SolutionProperties) = preSolution
		HideSolutionNode = FALSE
	EndGlobalSection
	GlobalSection(ExtensibilityGlobals) = postSolution
		SolutionGuid = {B4CFABDD-FD55-4971-98B6-3AF792C7FE3A}
	EndGlobalSection
EndGlobal
